
Microsoft Visual Studio Solution File, Format Version 12.00
# Visual Studio 15
VisualStudioVersion = 15.0.28307.168
MinimumVisualStudioVersion = 10.0.40219.1
Project("{FAE04EC0-301F-11D3-BF4B-00C04F79EFBC}") = "UnitTesting", "UnitTesting\UnitTesting.csproj", "{FFD03A2D-6F07-4C18-BDAE-230B87E0B55A}"
EndProject
Project("{FAE04EC0-301F-11D3-BF4B-00C04F79EFBC}") = "RestApiTesting", "RestApiTesting\RestApiTesting.csproj", "{847C364C-0C03-48B2-B38B-A337F7968A38}"
EndProject
Project("{FAE04EC0-301F-11D3-BF4B-00C04F79EFBC}") = "WebUiTesting", "WebUiTesting\WebUiTesting.csproj", "{8AE35D82-DB5D-4DE6-8E24-1E03353B3F76}"
EndProject
Global
	GlobalSection(SolutionConfigurationPlatforms) = preSolution
		Debug|Any CPU = Debug|Any CPU
		Release|Any CPU = Release|Any CPU
	EndGlobalSection
	GlobalSection(ProjectConfigurationPlatforms) = postSolution
		{FFD03A2D-6F07-4C18-BDAE-230B87E0B55A}.Debug|Any CPU.ActiveCfg = Debug|Any CPU
		{FFD03A2D-6F07-4C18-BDAE-230B87E0B55A}.Debug|Any CPU.Build.0 = Debug|Any CPU
		{FFD03A2D-6F07-4C18-BDAE-230B87E0B55A}.Release|Any CPU.ActiveCfg = Release|Any CPU
		{FFD03A2D-6F07-4C18-BDAE-230B87E0B55A}.Release|Any CPU.Build.0 = Release|Any CPU
		{847C364C-0C03-48B2-B38B-A337F7968A38}.Debug|Any CPU.ActiveCfg = Debug|Any CPU
		{847C364C-0C03-48B2-B38B-A337F7968A38}.Debug|Any CPU.Build.0 = Debug|Any CPU
		{847C364C-0C03-48B2-B38B-A337F7968A38}.Release|Any CPU.ActiveCfg = Release|Any CPU
		{847C364C-0C03-48B2-B38B-A337F7968A38}.Release|Any CPU.Build.0 = Release|Any CPU
		{8AE35D82-DB5D-4DE6-8E24-1E03353B3F76}.Debug|Any CPU.ActiveCfg = Debug|Any CPU
		{8AE35D82-DB5D-4DE6-8E24-1E03353B3F76}.Debug|Any CPU.Build.0 = Debug|Any CPU
		{8AE35D82-DB5D-4DE6-8E24-1E03353B3F76}.Release|Any CPU.ActiveCfg = Release|Any CPU
		{8AE35D82-DB5D-4DE6-8E24-1E03353B3F76}.Release|Any CPU.Build.0 = Release|Any CPU
	EndGlobalSection
	GlobalSection(SolutionProperties) = preSolution
		HideSolutionNode = FALSE
	EndGlobalSection
	GlobalSection(ExtensibilityGlobals) = postSolution
		SolutionGuid = {B52481ED-DA27-4611-AD40-13D4C90E281F}
	EndGlobalSection
EndGlobal
